
Microsoft Visual Studio Solution File, Format Version 12.00
# Visual Studio Version 17
VisualStudioVersion = 17.7.34221.43
MinimumVisualStudioVersion = 10.0.40219.1
Project("{FAE04EC0-301F-11D3-BF4B-00C04F79EFBC}") = "Pololetní prace Tvary", "Pololetní prace Tvary\Pololetní prace Tvary.csproj", "{C57D1557-B2F3-4C13-B48B-85A62D0798CE}"
EndProject
Global
	GlobalSection(SolutionConfigurationPlatforms) = preSolution
		Debug|Any CPU = Debug|Any CPU
		Release|Any CPU = Release|Any CPU
	EndGlobalSection
	GlobalSection(ProjectConfigurationPlatforms) = postSolution
		{C57D1557-B2F3-4C13-B48B-85A62D0798CE}.Debug|Any CPU.ActiveCfg = Debug|Any CPU
		{C57D1557-B2F3-4C13-B48B-85A62D0798CE}.Debug|Any CPU.Build.0 = Debug|Any CPU
		{C57D1557-B2F3-4C13-B48B-85A62D0798CE}.Release|Any CPU.ActiveCfg = Release|Any CPU
		{C57D1557-B2F3-4C13-B48B-85A62D0798CE}.Release|Any CPU.Build.0 = Release|Any CPU
	EndGlobalSection
	GlobalSection(SolutionProperties) = preSolution
		HideSolutionNode = FALSE
	EndGlobalSection
	GlobalSection(ExtensibilityGlobals) = postSolution
		SolutionGuid = {4602E5AF-6BBA-4359-BA50-39F71EEB9A99}
	EndGlobalSection
EndGlobal
